
Microsoft Visual Studio Solution File, Format Version 12.00
# Visual Studio Express 15 for Windows Desktop
VisualStudioVersion = 15.0.28010.2048
MinimumVisualStudioVersion = 10.0.40219.1
Project("{FAE04EC0-301F-11D3-BF4B-00C04F79EFBC}") = "TP_04", "TP_04\TP_04.csproj", "{2C524B5B-041C-4DA1-BF12-3AFC4722905D}"
EndProject
Project("{FAE04EC0-301F-11D3-BF4B-00C04F79EFBC}") = "Entidades", "Entidades\Entidades.csproj", "{526481D5-18A6-43EE-BF0C-71BD3561C6B3}"
EndProject
Project("{FAE04EC0-301F-11D3-BF4B-00C04F79EFBC}") = "UnitTest", "UnitTest\UnitTest.csproj", "{FEB20499-8B0E-4DEE-9DD5-27C6C201B2B8}"
EndProject
Global
	GlobalSection(SolutionConfigurationPlatforms) = preSolution
		Debug|Any CPU = Debug|Any CPU
		Release|Any CPU = Release|Any CPU
	EndGlobalSection
	GlobalSection(ProjectConfigurationPlatforms) = postSolution
		{2C524B5B-041C-4DA1-BF12-3AFC4722905D}.Debug|Any CPU.ActiveCfg = Debug|Any CPU
		{2C524B5B-041C-4DA1-BF12-3AFC4722905D}.Debug|Any CPU.Build.0 = Debug|Any CPU
		{2C524B5B-041C-4DA1-BF12-3AFC4722905D}.Release|Any CPU.ActiveCfg = Release|Any CPU
		{2C524B5B-041C-4DA1-BF12-3AFC4722905D}.Release|Any CPU.Build.0 = Release|Any CPU
		{526481D5-18A6-43EE-BF0C-71BD3561C6B3}.Debug|Any CPU.ActiveCfg = Debug|Any CPU
		{526481D5-18A6-43EE-BF0C-71BD3561C6B3}.Debug|Any CPU.Build.0 = Debug|Any CPU
		{526481D5-18A6-43EE-BF0C-71BD3561C6B3}.Release|Any CPU.ActiveCfg = Release|Any CPU
		{526481D5-18A6-43EE-BF0C-71BD3561C6B3}.Release|Any CPU.Build.0 = Release|Any CPU
		{FEB20499-8B0E-4DEE-9DD5-27C6C201B2B8}.Debug|Any CPU.ActiveCfg = Debug|Any CPU
		{FEB20499-8B0E-4DEE-9DD5-27C6C201B2B8}.Debug|Any CPU.Build.0 = Debug|Any CPU
		{FEB20499-8B0E-4DEE-9DD5-27C6C201B2B8}.Release|Any CPU.ActiveCfg = Release|Any CPU
		{FEB20499-8B0E-4DEE-9DD5-27C6C201B2B8}.Release|Any CPU.Build.0 = Release|Any CPU
	EndGlobalSection
	GlobalSection(SolutionProperties) = preSolution
		HideSolutionNode = FALSE
	EndGlobalSection
	GlobalSection(ExtensibilityGlobals) = postSolution
		SolutionGuid = {92346F8E-BFEB-4125-9263-E3DC406BD26D}
	EndGlobalSection
EndGlobal
