
Microsoft Visual Studio Solution File, Format Version 12.00
# Visual Studio Express 15 for Windows Desktop
VisualStudioVersion = 15.0.28010.2003
MinimumVisualStudioVersion = 10.0.40219.1
Project("{FAE04EC0-301F-11D3-BF4B-00C04F79EFBC}") = "TP_01", "TP_01\TP_01.csproj", "{4559C288-03A1-4303-BE95-8CD62C1CBC7B}"
EndProject
Project("{FAE04EC0-301F-11D3-BF4B-00C04F79EFBC}") = "Entidades", "Entidades\Entidades.csproj", "{C6AD834B-3E63-4E36-A2C6-94EED8DE53A8}"
EndProject
Global
	GlobalSection(SolutionConfigurationPlatforms) = preSolution
		Debug|Any CPU = Debug|Any CPU
		Release|Any CPU = Release|Any CPU
	EndGlobalSection
	GlobalSection(ProjectConfigurationPlatforms) = postSolution
		{4559C288-03A1-4303-BE95-8CD62C1CBC7B}.Debug|Any CPU.ActiveCfg = Debug|Any CPU
		{4559C288-03A1-4303-BE95-8CD62C1CBC7B}.Debug|Any CPU.Build.0 = Debug|Any CPU
		{4559C288-03A1-4303-BE95-8CD62C1CBC7B}.Release|Any CPU.ActiveCfg = Release|Any CPU
		{4559C288-03A1-4303-BE95-8CD62C1CBC7B}.Release|Any CPU.Build.0 = Release|Any CPU
		{C6AD834B-3E63-4E36-A2C6-94EED8DE53A8}.Debug|Any CPU.ActiveCfg = Debug|Any CPU
		{C6AD834B-3E63-4E36-A2C6-94EED8DE53A8}.Debug|Any CPU.Build.0 = Debug|Any CPU
		{C6AD834B-3E63-4E36-A2C6-94EED8DE53A8}.Release|Any CPU.ActiveCfg = Release|Any CPU
		{C6AD834B-3E63-4E36-A2C6-94EED8DE53A8}.Release|Any CPU.Build.0 = Release|Any CPU
	EndGlobalSection
	GlobalSection(SolutionProperties) = preSolution
		HideSolutionNode = FALSE
	EndGlobalSection
	GlobalSection(ExtensibilityGlobals) = postSolution
		SolutionGuid = {A78CDEDB-40FF-4B74-9DD4-0994458A7905}
	EndGlobalSection
EndGlobal
